{
    "_meta": {
        "hash": {
            "sha256": "62cfd4fc44ecab4d164f592d149ee604b74ad6a6f41d60ad68a44a88699dcaa5"
        },
        "pipfile-spec": 6,
        "requires": {
            "python_version": "3.8"
        },
        "sources": [
            {
                "name": "pypi",
                "url": "https://pypi.org/simple",
                "verify_ssl": true
            }
        ]
    },
    "default": {
        "aiohttp": {
            "hashes": [
                "sha256:173267050501e1537293df06723bc5e719990889e2820ba3932969983892e960",
                "sha256:438f1f1555c02c50894604d94944cff188fe138b46467b7fa99fdceb51ab5842",
                "sha256:90bed250d1435aef33a1f8c439c5056d5d25a44fe6caf33fcafafed805bad4dc",
                "sha256:93c3b14747413f38f094a60e98f55e73831f0c9a23ae7faa3dc97d8963e13021",
                "sha256:a6e70a38d883185b1921d8122759661c39ade54949770394412a9e713fec6fa7",
                "sha256:b5036133c1ba77ed5a70208d2a021a90b76fdf8bf523ae33dae46d4f4380d86f",
                "sha256:c138451a82cdbf65cddf952941d5c7a1a2cac8ce3bc618dee8d889e5251ec7a5",
                "sha256:c94770383e49f9cc5912b926364ad022a6c8a5dbf5498933ca3a5713c6daf738",
                "sha256:ea26536ae06df6dac021303a0df72c79e55512070e6a304ba93ad468a3a754dc"
            ],
            "version": "==4.0.0a1"
        },
        "aiohttp-sse-client": {
            "hashes": [
                "sha256:63970ab11ac899ab83c366ce821a1a1090c0fec392d03451a8902ed8c2afc806",
                "sha256:a82a1de06ac76858cce6c1e815ce18f685c77dd01de0809c5e7c7a5ef23e88b7"
            ],
            "index": "pypi",
            "version": "==0.1.6"
        },
        "aioredis": {
            "hashes": [
                "sha256:71302cebeb7add86f1fe660b469068760ca4364504e75ee83dd6f6b7118bfe28",
                "sha256:86da2748fb0652625a8346f413167f078ec72bdc76e217db7e605a059cd56e86"
            ],
            "index": "pypi",
            "version": "==1.3.0"
        },
        "appnope": {
            "hashes": [
                "sha256:5b26757dc6f79a3b7dc9fab95359328d5747fcb2409d331ea66d0272b90ab2a0",
                "sha256:8b995ffe925347a2138d7ac0fe77155e4311a0ea6d6da4f5128fe4b3cbe5ed71"
            ],
            "markers": "sys_platform == 'darwin'",
            "version": "==0.1.0"
        },
        "async-timeout": {
            "hashes": [
                "sha256:0c3c816a028d47f659d6ff5c745cb2acf1f966da1fe5c19c77a70282b25f4c5f",
                "sha256:4291ca197d287d274d0b6cb5d6f8f8f82d434ed288f962539ff18cc9012f9ea3"
            ],
            "version": "==3.0.1"
        },
        "attrs": {
            "hashes": [
                "sha256:08a96c641c3a74e44eb59afb61a24f2cb9f4d7188748e76ba4bb5edfa3cb7d1c",
                "sha256:f7b7ce16570fe9965acd6d30101a28f62fb4a7f9e926b3bbc9b61f8b04247e72"
            ],
            "version": "==19.3.0"
        },
        "backcall": {
            "hashes": [
                "sha256:38ecd85be2c1e78f77fd91700c76e14667dc21e2713b63876c0eb901196e01e4",
                "sha256:bbbf4b1e5cd2bdb08f915895b51081c041bac22394fdfcfdfbe9f14b77c08bf2"
            ],
            "version": "==0.1.0"
        },
        "certifi": {
            "hashes": [
                "sha256:017c25db2a153ce562900032d5bc68e9f191e44e9a0f762f373977de9df1fbb3",
                "sha256:25b64c7da4cd7479594d035c08c2d809eb4aab3a26e5a990ea98cc450c320f1f"
            ],
            "version": "==2019.11.28"
        },
        "chardet": {
            "hashes": [
                "sha256:84ab92ed1c4d4f16916e05906b6b75a6c0fb5db821cc65e70cbd64a3e2a5eaae",
                "sha256:fc323ffcaeaed0e0a02bf4d117757b98aed530d9ed4531e3e15460124c106691"
            ],
            "version": "==3.0.4"
        },
        "click": {
            "hashes": [
                "sha256:2335065e6395b9e67ca716de5f7526736bfa6ceead690adf616d925bdc622b13",
                "sha256:5b94b49521f6456670fdb30cd82a4eca9412788a93fa6dd6df72c94d5a8ff2d7"
            ],
            "version": "==7.0"
        },
        "dash": {
            "hashes": [
                "sha256:3d111272dcc3b1ae5471656f66b761263aeba53e595abb617702295849d16702"
            ],
            "index": "pypi",
            "version": "==1.7.0"
        },
        "dash-core-components": {
            "hashes": [
                "sha256:d3434a070ac3005d61652f2069a50bae47cfe28f49b226e8bb66d7f3f256562b"
            ],
            "version": "==1.6.0"
        },
        "dash-html-components": {
            "hashes": [
                "sha256:8992097a044f5add21f86ccbe0caef8c499394a04d5f2b6cc4458a42f37cca98"
            ],
            "version": "==1.0.2"
        },
        "dash-renderer": {
            "hashes": [
                "sha256:cb784db3511f114d69dbf17b9128e99525d0ca8c864cc0ab9806776f919b5209"
            ],
            "version": "==1.2.2"
        },
        "dash-table": {
            "hashes": [
                "sha256:f88623e478e2701a10aeee92a4b8adcc148ffb4943efab57143611c05a77f990"
            ],
            "version": "==4.5.1"
        },
        "decorator": {
            "hashes": [
                "sha256:54c38050039232e1db4ad7375cfce6748d7b41c29e95a081c8a6d2c30364a2ce",
                "sha256:5d19b92a3c8f7f101c8dd86afd86b0f061a8ce4540ab8cd401fa2542756bce6d"
            ],
            "version": "==4.4.1"
        },
        "flask": {
            "hashes": [
                "sha256:13f9f196f330c7c2c5d7a5cf91af894110ca0215ac051b5844701f2bfd934d52",
                "sha256:45eb5a6fd193d6cf7e0cf5d8a5b31f83d5faae0293695626f539a823e93b13f6"
            ],
            "version": "==1.1.1"
        },
        "flask-compress": {
            "hashes": [
                "sha256:468693f4ddd11ac6a41bca4eb5f94b071b763256d54136f77957cfee635badb3"
            ],
            "version": "==1.4.0"
        },
        "future": {
            "hashes": [
                "sha256:b1bead90b70cf6ec3f0710ae53a525360fa360d306a86583adc6bf83a4db537d"
            ],
            "version": "==0.18.2"
        },
        "hiredis": {
            "hashes": [
                "sha256:01b577f84c20ecc9c07fc4c184231b08e3c3942de096fa99978e053de231c423",
                "sha256:01ff0900134166961c9e339df77c33b72f7edc5cb41739f0babcd9faa345926e",
                "sha256:03ed34a13316d0c34213c4fd46e0fa3a5299073f4d4f08e93fed8c2108b399b3",
                "sha256:040436e91df5143aff9e0debb49530d0b17a6bd52200ce568621c31ef581b10d",
                "sha256:091eb38fbf968d1c5b703e412bbbd25f43a7967d8400842cee33a5a07b33c27b",
                "sha256:102f9b9dc6ed57feb3a7c9bdf7e71cb7c278fe8df1edfcfe896bc3e0c2be9447",
                "sha256:2b4b392c7e3082860c8371fab3ae762139090f9115819e12d9f56060f9ede05d",
                "sha256:2c9cc0b986397b833073f466e6b9e9c70d1d4dc2c2c1b3e9cae3a23102ff296c",
                "sha256:2fa65a9df683bca72073cd77709ddeb289ea2b114d3775d225fbbcc5faf808c5",
                "sha256:38437a681f17c975fd22349e72c29bc643f8e7eb2d6dc5df419eac59afa4d7ce",
                "sha256:3b3428fa3cf1ee178807b52c9bee8950ab94cd4eaa9bfae8c1bbae3c49501d34",
                "sha256:3dd8c2fae7f5494978facb0e93297dd627b1a3f536f3b070cf0a7d9157a07dcb",
                "sha256:4414a96c212e732723b5c3d7c04d386ebbb2ec359e1de646322cbc3f875cbd0d",
                "sha256:48c627581ad4ef60adbac980981407939acf13a0e18f093502c7b542223c4f19",
                "sha256:4a60e71625a2d78d8ab84dfb2fa2cfd9458c964b6e6c04fea76d9ade153fb371",
                "sha256:585ace09f434e43d8a8dbeb366865b1a044d7c06319b3c7372a0a00e63b860f4",
                "sha256:74b364b3f06c9cf0a53f7df611045bc9437ed972a283fa1f0b12537236d23ddc",
                "sha256:75c65c3850e89e9daa68d1b9bedd5806f177d60aa5a7b0953b4829481cfc1f72",
                "sha256:7f052de8bf744730a9120dbdc67bfeb7605a01f69fb8e7ba5c475af33c24e145",
                "sha256:8113a7d5e87ecf57cd4ae263cc9e429adb9a3e59f5a7768da5d3312a8d0a051a",
                "sha256:84857ce239eb8ed191ac78e77ff65d52902f00f30f4ee83bf80eb71da73b70e6",
                "sha256:8644a48ddc4a40b3e3a6b9443f396c2ee353afb2d45656c4fc68d04a82e8e3f7",
                "sha256:936aa565e673536e8a211e43ec43197406f24cd1f290138bd143765079c8ba00",
                "sha256:9afeb88c67bbc663b9f27385c496da056d06ad87f55df6e393e1516cfecb0461",
                "sha256:9d62cc7880110e4f83b0a51d218f465d3095e2751fbddd34e553dbd106a929ff",
                "sha256:a1fadd062fc8d647ff39220c57ea2b48c99bb73f18223828ec97f88fc27e7898",
                "sha256:a7754a783b1e5d6f627c19d099b178059c62f782ab62b4d8ba165b9fbc2ee34c",
                "sha256:aa59dd63bb3f736de4fc2d080114429d5d369dfb3265f771778e8349d67a97a4",
                "sha256:ae2ee0992f8de249715435942137843a93db204dd7db1e7cc9bdc5a8436443e8",
                "sha256:b36842d7cf32929d568f37ec5b3173b72b2ec6572dec4d6be6ce774762215aee",
                "sha256:bcbf9379c553b5facc6c04c1e5569b44b38ff16bcbf354676287698d61ee0c92",
                "sha256:cbccbda6f1c62ab460449d9c85fdf24d0d32a6bf45176581151e53cc26a5d910",
                "sha256:d0caf98dfb8af395d6732bd16561c0a2458851bea522e39f12f04802dbf6f502",
                "sha256:d6456afeddba036def1a36d8a2758eca53202308d83db20ab5d0b66590919627",
                "sha256:dbaef9a21a4f10bc281684ee4124f169e62bb533c2a92b55f8c06f64f9af7b8f",
                "sha256:dce84916c09aaece006272b37234ae84a8ed13abb3a4d341a23933b8701abfb5",
                "sha256:eb8c9c8b9869539d58d60ff4a28373a22514d40495911451343971cb4835b7a9",
                "sha256:efc98b14ee3a8595e40b1425e8d42f5fd26f11a7b215a81ef9259068931754f4",
                "sha256:fa2dc05b87d97acc1c6ae63f3e0f39eae5246565232484b08db6bf2dc1580678",
                "sha256:fe7d6ce9f6a5fbe24f09d95ea93e9c7271abc4e1565da511e1449b107b4d7848"
            ],
            "version": "==1.0.1"
        },
        "idna": {
            "hashes": [
                "sha256:c357b3f628cf53ae2c4c05627ecc484553142ca23264e593d327bcde5e9c3407",
                "sha256:ea8b7f6188e6fa117537c3df7da9fc686d485087abf6ac197f9c46432f7e4a3c"
            ],
            "version": "==2.8"
        },
        "ipython": {
            "hashes": [
                "sha256:060d19feef09453d3375ab23c7295ed36cb59e5a3904598ab903f93ec45f1f63",
                "sha256:e468b8f03a0168a667982b50f0b4e0828cc32721bbea32b23934e55b7970eb7a"
            ],
            "index": "pypi",
            "version": "==7.10.0"
        },
        "ipython-genutils": {
            "hashes": [
                "sha256:72dd37233799e619666c9f639a9da83c34013a73e8bbc79a7a6348d93c61fab8",
                "sha256:eb2e116e75ecef9d4d228fdc66af54269afa26ab4463042e33785b887c628ba8"
            ],
            "version": "==0.2.0"
        },
        "itsdangerous": {
            "hashes": [
                "sha256:321b033d07f2a4136d3ec762eac9f16a10ccd60f53c0c91af90217ace7ba1f19",
                "sha256:b12271b2047cb23eeb98c8b5622e2e5c5e9abd9784a153e9d8ef9cb4dd09d749"
            ],
            "version": "==1.1.0"
        },
        "jedi": {
            "hashes": [
                "sha256:786b6c3d80e2f06fd77162a07fed81b8baa22dde5d62896a790a331d6ac21a27",
                "sha256:ba859c74fa3c966a22f2aeebe1b74ee27e2a462f56d3f5f7ca4a59af61bfe42e"
            ],
            "version": "==0.15.1"
        },
        "jinja2": {
            "hashes": [
                "sha256:74320bb91f31270f9551d46522e33af46a80c3d619f4a4bf42b3164d30b5911f",
                "sha256:9fe95f19286cfefaa917656583d020be14e7859c6b0252588391e47db34527de"
            ],
            "version": "==2.10.3"
        },
        "markupsafe": {
            "hashes": [
                "sha256:00bc623926325b26bb9605ae9eae8a215691f33cae5df11ca5424f06f2d1f473",
                "sha256:09027a7803a62ca78792ad89403b1b7a73a01c8cb65909cd876f7fcebd79b161",
                "sha256:09c4b7f37d6c648cb13f9230d847adf22f8171b1ccc4d5682398e77f40309235",
                "sha256:1027c282dad077d0bae18be6794e6b6b8c91d58ed8a8d89a89d59693b9131db5",
                "sha256:24982cc2533820871eba85ba648cd53d8623687ff11cbb805be4ff7b4c971aff",
                "sha256:29872e92839765e546828bb7754a68c418d927cd064fd4708fab9fe9c8bb116b",
                "sha256:43a55c2930bbc139570ac2452adf3d70cdbb3cfe5912c71cdce1c2c6bbd9c5d1",
                "sha256:46c99d2de99945ec5cb54f23c8cd5689f6d7177305ebff350a58ce5f8de1669e",
                "sha256:500d4957e52ddc3351cabf489e79c91c17f6e0899158447047588650b5e69183",
                "sha256:535f6fc4d397c1563d08b88e485c3496cf5784e927af890fb3c3aac7f933ec66",
                "sha256:62fe6c95e3ec8a7fad637b7f3d372c15ec1caa01ab47926cfdf7a75b40e0eac1",
                "sha256:6dd73240d2af64df90aa7c4e7481e23825ea70af4b4922f8ede5b9e35f78a3b1",
                "sha256:717ba8fe3ae9cc0006d7c451f0bb265ee07739daf76355d06366154ee68d221e",
                "sha256:79855e1c5b8da654cf486b830bd42c06e8780cea587384cf6545b7d9ac013a0b",
                "sha256:7c1699dfe0cf8ff607dbdcc1e9b9af1755371f92a68f706051cc8c37d447c905",
                "sha256:88e5fcfb52ee7b911e8bb6d6aa2fd21fbecc674eadd44118a9cc3863f938e735",
                "sha256:8defac2f2ccd6805ebf65f5eeb132adcf2ab57aa11fdf4c0dd5169a004710e7d",
                "sha256:98c7086708b163d425c67c7a91bad6e466bb99d797aa64f965e9d25c12111a5e",
                "sha256:9add70b36c5666a2ed02b43b335fe19002ee5235efd4b8a89bfcf9005bebac0d",
                "sha256:9bf40443012702a1d2070043cb6291650a0841ece432556f784f004937f0f32c",
                "sha256:ade5e387d2ad0d7ebf59146cc00c8044acbd863725f887353a10df825fc8ae21",
                "sha256:b00c1de48212e4cc9603895652c5c410df699856a2853135b3967591e4beebc2",
                "sha256:b1282f8c00509d99fef04d8ba936b156d419be841854fe901d8ae224c59f0be5",
                "sha256:b2051432115498d3562c084a49bba65d97cf251f5a331c64a12ee7e04dacc51b",
                "sha256:ba59edeaa2fc6114428f1637ffff42da1e311e29382d81b339c1817d37ec93c6",
                "sha256:c8716a48d94b06bb3b2524c2b77e055fb313aeb4ea620c8dd03a105574ba704f",
                "sha256:cd5df75523866410809ca100dc9681e301e3c27567cf498077e8551b6d20e42f",
                "sha256:e249096428b3ae81b08327a63a485ad0878de3fb939049038579ac0ef61e17e7"
            ],
            "version": "==1.1.1"
        },
        "multidict": {
            "hashes": [
                "sha256:07f9a6bf75ad675d53956b2c6a2d4ef2fa63132f33ecc99e9c24cf93beb0d10b",
                "sha256:0ffe4d4d28cbe9801952bfb52a8095dd9ffecebd93f84bdf973c76300de783c5",
                "sha256:1b605272c558e4c659dbaf0fb32a53bfede44121bcf77b356e6e906867b958b7",
                "sha256:205a011e636d885af6dd0029e41e3514a46e05bb2a43251a619a6e8348b96fc0",
                "sha256:250632316295f2311e1ed43e6b26a63b0216b866b45c11441886ac1543ca96e1",
                "sha256:2bc9c2579312c68a3552ee816311c8da76412e6f6a9cf33b15152e385a572d2a",
                "sha256:318aadf1cfb6741c555c7dd83d94f746dc95989f4f106b25b8a83dfb547f2756",
                "sha256:42cdd649741a14b0602bf15985cad0dd4696a380081a3319cd1ead46fd0f0fab",
                "sha256:5159c4975931a1a78bf6602bbebaa366747fce0a56cb2111f44789d2c45e379f",
                "sha256:87e26d8b89127c25659e962c61a4c655ec7445d19150daea0759516884ecb8b4",
                "sha256:891b7e142885e17a894d9d22b0349b92bb2da4769b4e675665d0331c08719be5",
                "sha256:8d919034420378132d074bf89df148d0193e9780c9fe7c0e495e895b8af4d8a2",
                "sha256:9c890978e2b37dd0dc1bd952da9a5d9f245d4807bee33e3517e4119c48d66f8c",
                "sha256:a37433ce8cdb35fc9e6e47e1606fa1bfd6d70440879038dca7d8dd023197eaa9",
                "sha256:c626029841ada34c030b94a00c573a0c7575fe66489cde148785b6535397d675",
                "sha256:cfec9d001a83dc73580143f3c77e898cf7ad78b27bb5e64dbe9652668fcafec7",
                "sha256:efaf1b18ea6c1f577b1371c0159edbe4749558bfe983e13aa24d0a0c01e1ad7b"
            ],
            "version": "==4.6.1"
        },
        "parso": {
            "hashes": [
                "sha256:63854233e1fadb5da97f2744b6b24346d2750b85965e7e399bec1620232797dc",
                "sha256:666b0ee4a7a1220f65d367617f2cd3ffddff3e205f3f16a0284df30e774c2a9c"
            ],
            "version": "==0.5.1"
        },
        "pexpect": {
            "hashes": [
                "sha256:2094eefdfcf37a1fdbfb9aa090862c1a4878e5c7e0e7e7088bdb511c558e5cd1",
                "sha256:9e2c1fd0e6ee3a49b28f95d4b33bc389c89b20af6a1255906e90ff1262ce62eb"
            ],
            "markers": "sys_platform != 'win32'",
            "version": "==4.7.0"
        },
        "pickleshare": {
            "hashes": [
                "sha256:87683d47965c1da65cdacaf31c8441d12b8044cdec9aca500cd78fc2c683afca",
                "sha256:9649af414d74d4df115d5d718f82acb59c9d418196b7b4290ed47a12ce62df56"
            ],
            "version": "==0.7.5"
        },
        "plotly": {
            "hashes": [
                "sha256:1950a5be28caddea3a41d41016750ddf5a602952efb423b39c73adafe6876492",
                "sha256:bd6f453efa171dcea32fd08ad981712829f3dba4509603b3c3b8683b140ef30b"
            ],
            "index": "pypi",
            "version": "==4.3.0"
        },
        "prompt-toolkit": {
            "hashes": [
                "sha256:0278d2f51b5ceba6ea8da39f76d15684e84c996b325475f6e5720edc584326a7",
                "sha256:63daee79aa8366c8f1c637f1a4876b890da5fc92a19ebd2f7080ebacb901e990"
            ],
            "version": "==3.0.2"
        },
        "ptyprocess": {
            "hashes": [
                "sha256:923f299cc5ad920c68f2bc0bc98b75b9f838b93b599941a6b63ddbc2476394c0",
                "sha256:d7cc528d76e76342423ca640335bd3633420dc1366f258cb31d05e865ef5ca1f"
            ],
            "version": "==0.6.0"
        },
        "pygments": {
            "hashes": [
                "sha256:2a3fe295e54a20164a9df49c75fa58526d3be48e14aceba6d6b1e8ac0bfd6f1b",
                "sha256:98c8aa5a9f778fcd1026a17361ddaf7330d1b7c62ae97c3bb0ae73e0b9b6b0fe"
            ],
            "version": "==2.5.2"
        },
        "redis": {
            "hashes": [
                "sha256:3613daad9ce5951e426f460deddd5caf469e08a3af633e9578fc77d362becf62",
                "sha256:8d0fc278d3f5e1249967cba2eb4a5632d19e45ce5c09442b8422d15ee2c22cc2"
            ],
            "index": "pypi",
            "version": "==3.3.11"
        },
        "requests": {
            "hashes": [
                "sha256:11e007a8a2aa0323f5a921e9e6a2d7e4e67d9877e85773fba9ba6419025cbeb4",
                "sha256:9cf5292fcd0f598c671cfc1e0d7d1a7f13bb8085e9a590f48c010551dc6c4b31"
            ],
            "version": "==2.22.0"
        },
        "retrying": {
            "hashes": [
                "sha256:08c039560a6da2fe4f2c426d0766e284d3b736e355f8dd24b37367b0bb41973b"
            ],
            "version": "==1.3.3"
        },
        "six": {
            "hashes": [
                "sha256:1f1b7d42e254082a9db6279deae68afb421ceba6158efa6131de7b3003ee93fd",
                "sha256:30f610279e8b2578cab6db20741130331735c781b56053c59c4076da27f06b66"
            ],
            "version": "==1.13.0"
        },
        "sseclient": {
            "hashes": [
                "sha256:1b4c5119b9381cb6ddaf3236f3f7e1437a14e488d1ed61336873a839788481b0"
            ],
            "index": "pypi",
            "version": "==0.0.24"
        },
        "traitlets": {
            "hashes": [
                "sha256:70b4c6a1d9019d7b4f6846832288f86998aa3b9207c6821f3578a6a6a467fe44",
                "sha256:d023ee369ddd2763310e4c3eae1ff649689440d4ae59d7485eb4cfbbe3e359f7"
            ],
            "version": "==4.3.3"
        },
        "typing-extensions": {
            "hashes": [
                "sha256:091ecc894d5e908ac75209f10d5b4f118fbdb2eb1ede6a63544054bb1edb41f2",
                "sha256:910f4656f54de5993ad9304959ce9bb903f90aadc7c67a0bef07e678014e892d",
                "sha256:cf8b63fedea4d89bab840ecbb93e75578af28f76f66c35889bd7065f5af88575"
            ],
            "version": "==3.7.4.1"
        },
        "urllib3": {
            "hashes": [
                "sha256:a8a318824cc77d1fd4b2bec2ded92646630d7fe8619497b142c84a9e6f5a7293",
                "sha256:f3c5fd51747d450d4dcf6f923c81f78f811aab8205fda64b0aba34a4e48b0745"
            ],
            "version": "==1.25.7"
        },
        "wcwidth": {
            "hashes": [
                "sha256:3df37372226d6e63e1b1e1eda15c594bca98a22d33a23832a90998faa96bc65e",
                "sha256:f4ebe71925af7b40a864553f761ed559b43544f8f71746c2d756c7fe788ade7c"
            ],
            "version": "==0.1.7"
        },
        "werkzeug": {
            "hashes": [
                "sha256:7280924747b5733b246fe23972186c6b348f9ae29724135a6dfc1e53cea433e7",
                "sha256:e5f4a1f98b52b18a93da705a7458e55afb26f32bff83ff5d19189f92462d65c4"
            ],
            "version": "==0.16.0"
        },
        "yarl": {
            "hashes": [
                "sha256:031e8f56cf085d3b3df6b6bce756369ea7052b82d35ea07b6045f209c819e0e5",
                "sha256:074958fe4578ef3a3d0bdaf96bbc25e4c4db82b7ff523594776fcf3d3f16c531",
                "sha256:2db667ee21f620b446a54a793e467714fc5a446fcc82d93a47e8bde01d69afab",
                "sha256:326f2dbaaa17b858ae86f261ae73a266fd820a561fc5142cee9d0fc58448fbd7",
                "sha256:32a3885f542f74d0f4f87057050c6b45529ebd79d0639f56582e741521575bfe",
                "sha256:56126ef061b913c3eefecace3404ca88917265d0550b8e32bbbeab29e5c830bf",
                "sha256:589ac1e82add13fbdedc04eb0a83400db728e5f1af2bd273392088ca90de7062",
                "sha256:6076bce2ecc6ebf6c92919d77762f80f4c9c6ecc9c1fbaa16567ec59ad7d6f1d",
                "sha256:63be649c535d18ab6230efbc06a07f7779cd4336a687672defe70c025349a47b",
                "sha256:6642cbc92eaffa586180f669adc772f5c34977e9e849e93f33dc142351e98c9c",
                "sha256:6fa05a25f2280e78a514041d4609d39962e7d51525f2439db9ad7a2ae7aac163",
                "sha256:7ed006a220422c33ff0889288be24db56ff0a3008ffe9eaead58a690715ad09b",
                "sha256:80c9c213803b50899460cc355f47e66778c3c868f448b7b7de5b1f1858c82c2a",
                "sha256:8bae18e2129850e76969b57869dacc72a66cccdbeebce1a28d7f3d439c21a7a3",
                "sha256:ab112fba996a8f48f427e26969f2066d50080df0c24007a8cc6d7ae865e19013",
                "sha256:b1c178ef813940c9a5cbad42ab7b8b76ac08b594b0a6bad91063c968e0466efc",
                "sha256:d6eff151c3b23a56a5e4f496805619bc3bdf4f749f63a7a95ad50e8267c17475"
            ],
            "version": "==1.4.1"
        }
    },
    "develop": {
        "appdirs": {
            "hashes": [
                "sha256:9e5896d1372858f8dd3344faf4e5014d21849c756c8d5701f78f8a103b372d92",
                "sha256:d8b24664561d0d34ddfaec54636d502d7cea6e29c3eaf68f3df6180863e2166e"
            ],
            "version": "==1.4.3"
        },
        "attrs": {
            "hashes": [
                "sha256:08a96c641c3a74e44eb59afb61a24f2cb9f4d7188748e76ba4bb5edfa3cb7d1c",
                "sha256:f7b7ce16570fe9965acd6d30101a28f62fb4a7f9e926b3bbc9b61f8b04247e72"
            ],
            "version": "==19.3.0"
        },
        "black": {
            "hashes": [
                "sha256:1b30e59be925fafc1ee4565e5e08abef6b03fe455102883820fe5ee2e4734e0b",
                "sha256:c2edb73a08e9e0e6f65a0e6af18b059b8b1cdd5bef997d7a0b181df93dc81539"
            ],
            "index": "pypi",
            "version": "==19.10b0"
        },
        "click": {
            "hashes": [
                "sha256:2335065e6395b9e67ca716de5f7526736bfa6ceead690adf616d925bdc622b13",
                "sha256:5b94b49521f6456670fdb30cd82a4eca9412788a93fa6dd6df72c94d5a8ff2d7"
            ],
            "version": "==7.0"
        },
        "entrypoints": {
            "hashes": [
                "sha256:589f874b313739ad35be6e0cd7efde2a4e9b6fea91edcc34e58ecbb8dbe56d19",
                "sha256:c70dd71abe5a8c85e55e12c19bd91ccfeec11a6e99044204511f9ed547d48451"
            ],
            "version": "==0.3"
        },
        "flake8": {
            "hashes": [
                "sha256:45681a117ecc81e870cbf1262835ae4af5e7a8b08e40b944a8a6e6b895914cfb",
                "sha256:49356e766643ad15072a789a20915d3c91dc89fd313ccd71802303fd67e4deca"
            ],
            "index": "pypi",
            "version": "==3.7.9"
        },
        "mccabe": {
            "hashes": [
                "sha256:ab8a6258860da4b6677da4bd2fe5dc2c659cff31b3ee4f7f5d64e79735b80d42",
                "sha256:dd8d182285a0fe56bace7f45b5e7d1a6ebcbf524e8f3bd87eb0f125271b8831f"
            ],
            "version": "==0.6.1"
        },
        "pathspec": {
            "hashes": [
                "sha256:e285ccc8b0785beadd4c18e5708b12bb8fcf529a1e61215b3feff1d1e559ea5c"
            ],
            "version": "==0.6.0"
        },
        "pycodestyle": {
            "hashes": [
                "sha256:95a2219d12372f05704562a14ec30bc76b05a5b297b21a5dfe3f6fac3491ae56",
                "sha256:e40a936c9a450ad81df37f549d676d127b1b66000a6c500caa2b085bc0ca976c"
            ],
            "version": "==2.5.0"
        },
        "pyflakes": {
            "hashes": [
                "sha256:17dbeb2e3f4d772725c777fabc446d5634d1038f234e77343108ce445ea69ce0",
                "sha256:d976835886f8c5b31d47970ed689944a0262b5f3afa00a5a7b4dc81e5449f8a2"
            ],
            "version": "==2.1.1"
        },
        "regex": {
            "hashes": [
                "sha256:15454b37c5a278f46f7aa2d9339bda450c300617ca2fca6558d05d870245edc7",
                "sha256:1ad40708c255943a227e778b022c6497c129ad614bb7a2a2f916e12e8a359ee7",
                "sha256:5e00f65cc507d13ab4dfa92c1232d004fa202c1d43a32a13940ab8a5afe2fb96",
                "sha256:604dc563a02a74d70ae1f55208ddc9bfb6d9f470f6d1a5054c4bd5ae58744ab1",
                "sha256:720e34a539a76a1fedcebe4397290604cc2bdf6f81eca44adb9fb2ea071c0c69",
                "sha256:7caf47e4a9ac6ef08cabd3442cc4ca3386db141fb3c8b2a7e202d0470028e910",
                "sha256:7faf534c1841c09d8fefa60ccde7b9903c9b528853ecf41628689793290ca143",
                "sha256:b4e0406d822aa4993ac45072a584d57aa4931cf8288b5455bbf30c1d59dbad59",
                "sha256:c31eaf28c6fe75ea329add0022efeed249e37861c19681960f99bbc7db981fb2",
                "sha256:c7393597191fc2043c744db021643549061e12abe0b3ff5c429d806de7b93b66",
                "sha256:d2b302f8cdd82c8f48e9de749d1d17f85ce9a0f082880b9a4859f66b07037dc6",
                "sha256:e3d8dd0ec0ea280cf89026b0898971f5750a7bd92cb62c51af5a52abd020054a",
                "sha256:ec032cbfed59bd5a4b8eab943c310acfaaa81394e14f44454ad5c9eba4f24a74"
            ],
            "version": "==2019.11.1"
        },
        "toml": {
            "hashes": [
                "sha256:229f81c57791a41d65e399fc06bf0848bab550a9dfd5ed66df18ce5f05e73d5c",
                "sha256:235682dd292d5899d361a811df37e04a8828a5b1da3115886b73cf81ebc9100e"
            ],
            "version": "==0.10.0"
        },
        "typed-ast": {
            "hashes": [
                "sha256:1170afa46a3799e18b4c977777ce137bb53c7485379d9706af8a59f2ea1aa161",
                "sha256:18511a0b3e7922276346bcb47e2ef9f38fb90fd31cb9223eed42c85d1312344e",
                "sha256:262c247a82d005e43b5b7f69aff746370538e176131c32dda9cb0f324d27141e",
                "sha256:2b907eb046d049bcd9892e3076c7a6456c93a25bebfe554e931620c90e6a25b0",
                "sha256:354c16e5babd09f5cb0ee000d54cfa38401d8b8891eefa878ac772f827181a3c",
                "sha256:48e5b1e71f25cfdef98b013263a88d7145879fbb2d5185f2a0c79fa7ebbeae47",
                "sha256:4e0b70c6fc4d010f8107726af5fd37921b666f5b31d9331f0bd24ad9a088e631",
                "sha256:630968c5cdee51a11c05a30453f8cd65e0cc1d2ad0d9192819df9978984529f4",
                "sha256:66480f95b8167c9c5c5c87f32cf437d585937970f3fc24386f313a4c97b44e34",
                "sha256:71211d26ffd12d63a83e079ff258ac9d56a1376a25bc80b1cdcdf601b855b90b",
                "sha256:7954560051331d003b4e2b3eb822d9dd2e376fa4f6d98fee32f452f52dd6ebb2",
                "sha256:838997f4310012cf2e1ad3803bce2f3402e9ffb71ded61b5ee22617b3a7f6b6e",
                "sha256:95bd11af7eafc16e829af2d3df510cecfd4387f6453355188342c3e79a2ec87a",
                "sha256:bc6c7d3fa1325a0c6613512a093bc2a2a15aeec350451cbdf9e1d4bffe3e3233",
                "sha256:cc34a6f5b426748a507dd5d1de4c1978f2eb5626d51326e43280941206c209e1",
                "sha256:d755f03c1e4a51e9b24d899561fec4ccaf51f210d52abdf8c07ee2849b212a36",
                "sha256:d7c45933b1bdfaf9f36c579671fec15d25b06c8398f113dab64c18ed1adda01d",
                "sha256:d896919306dd0aa22d0132f62a1b78d11aaf4c9fc5b3410d3c666b818191630a",
                "sha256:fdc1c9bbf79510b76408840e009ed65958feba92a88833cdceecff93ae8fff66",
                "sha256:ffde2fbfad571af120fcbfbbc61c72469e72f550d676c3342492a9dfdefb8f12"
            ],
            "version": "==1.4.0"
        }
    }
}
